<?xml version="1.0" encoding="utf-8"?>
<Project ToolsVersion="4.0" xmlns="http://schemas.microsoft.com/developer/msbuild/2003">
  <ItemGroup>
    <ClCompile Include="main.cpp" />
    <ClCompile Include="..\..\common\config-util.cpp">
      <Filter>common</Filter>
    </ClCompile>
    <ClCompile Include="..\..\common\jsoncpp.cpp">
      <Filter>common</Filter>
    </ClCompile>
    <ClCompile Include="client_core.cpp" />
    <ClCompile Include="workload.cpp" />
    <ClCompile Include="..\..\common\utils.cpp">
      <Filter>common</Filter>
    </ClCompile>
    <ClCompile Include="..\..\common\escc.cpp">
      <Filter>common</Filter>
    </ClCompile>
    <ClCompile Include="..\..\common\net_config.cpp">
      <Filter>common</Filter>
    </ClCompile>
    <ClCompile Include="..\..\network\evpp_client.cpp">
      <Filter>network</Filter>
    </ClCompile>
    <ClCompile Include="..\..\network\evpp_client_manager.cpp">
      <Filter>network</Filter>
    </ClCompile>
    <ClCompile Include="..\..\network\evpp_tcpConn.cpp">
      <Filter>network</Filter>
    </ClCompile>
  </ItemGroup>
  <ItemGroup>
    <Filter Include="data_define">
      <UniqueIdentifier>{bcf1902c-84f9-456d-8c26-589c2237cd15}</UniqueIdentifier>
    </Filter>
    <Filter Include="common">
      <UniqueIdentifier>{619cc82a-dbc0-40be-9060-4b4f89351c21}</UniqueIdentifier>
    </Filter>
    <Filter Include="network">
      <UniqueIdentifier>{d5c29315-96c7-4c6f-a503-7c81ffe95a69}</UniqueIdentifier>
    </Filter>
  </ItemGroup>
  <ItemGroup>
    <ClInclude Include="..\..\common\config-util.h">
      <Filter>common</Filter>
    </ClInclude>
    <ClInclude Include="..\..\common\json.h">
      <Filter>common</Filter>
    </ClInclude>
    <ClInclude Include="..\..\common\json-forwards.h">
      <Filter>common</Filter>
    </ClInclude>
    <ClInclude Include="client_core.h" />
    <ClInclude Include="..\..\data_define\data_def.h">
      <Filter>data_define</Filter>
    </ClInclude>
    <ClInclude Include="workload.h" />
    <ClInclude Include="..\..\common\utils.h">
      <Filter>common</Filter>
    </ClInclude>
    <ClInclude Include="..\..\common\escc.h">
      <Filter>common</Filter>
    </ClInclude>
    <ClInclude Include="..\..\common\net_config.h">
      <Filter>common</Filter>
    </ClInclude>
    <ClInclude Include="..\..\network\evpp_client.h">
      <Filter>network</Filter>
    </ClInclude>
    <ClInclude Include="..\..\network\evpp_client_manager.h">
      <Filter>network</Filter>
    </ClInclude>
    <ClInclude Include="..\..\network\evpp_tcpConn.h">
      <Filter>network</Filter>
    </ClInclude>
  </ItemGroup>
</Project>