<?xml version="1.0" encoding="utf-8"?>
<Project ToolsVersion="4.0" xmlns="http://schemas.microsoft.com/developer/msbuild/2003">
  <ItemGroup>
    <ClCompile Include="main.cpp" />
    <ClCompile Include="..\..\..\evpp_server.cpp">
      <Filter>network</Filter>
    </ClCompile>
    <ClCompile Include="..\..\..\evpp_tcpConn.cpp">
      <Filter>network</Filter>
    </ClCompile>
    <ClCompile Include="svr_test_core.cpp" />
  </ItemGroup>
  <ItemGroup>
    <Filter Include="network">
      <UniqueIdentifier>{dbc49f24-c87e-449e-8f4b-94bcd56513a4}</UniqueIdentifier>
    </Filter>
  </ItemGroup>
  <ItemGroup>
    <ClInclude Include="..\..\..\evpp_server.h">
      <Filter>network</Filter>
    </ClInclude>
    <ClInclude Include="..\..\..\evpp_tcpConn.h">
      <Filter>network</Filter>
    </ClInclude>
    <ClInclude Include="svr_test_core.h" />
  </ItemGroup>
</Project>